github.com/AvoH/gosdk v0.0.0-20191029015045-f4bc38a4df00 h1:nFeeT6v4L2OOmUkbMqpfULytmKWQRVaaVG7+1rYtQNY=
github.com/AvoH/gosdk v0.0.0-20191029015045-f4bc38a4df00/go.mod h1:E0yhlZifAN36/611PogjB6os+C4ykGm+rFW0H3IvmKw=
github.com/AvoH/gosdk/converter v0.0.0-20191029031902-f19982ef287e h1:2P2py3iV/beCKgd7qkeuNceVG2XuxSXbW4gWgZZzpa4=
github.com/AvoH/gosdk/converter v0.0.0-20191029031902-f19982ef287e/go.mod h1:Jh3bdWg5h/QcSi6UE7k19E8aQJnBgkldO/PHrKJ1jeU=
github.com/AvoH/gosdk/converter v0.2.0 h1:XYWswFdiFWSQLtNw6OcrElifXhE6Yddwpa2wRCiZMkI=
github.com/AvoH/gosdk/converter v0.2.0/go.mod h1:Jh3bdWg5h/QcSi6UE7k19E8aQJnBgkldO/PHrKJ1jeU=
github.com/AvoH/gosdk/converter v0.2.1 h1:gSC2gLZ7f+keidZKfzk7yKgKFQd0geEvEoR1RFeJx5Y=
github.com/AvoH/gosdk/converter v0.2.1/go.mod h1:Q/k4kh5ACXfM+KcclwGvRoNmUMfKKVOG6JpfDAQK/1U=
github.com/AvoH/gosdk/runtime v0.0.0-20191029015045-f4bc38a4df00 h1:dR0eMhRMbtQaVL/iTucaEfwygASaAhvqbOde2gTxR74=
github.com/AvoH/gosdk/runtime v0.0.0-20191029015045-f4bc38a4df00/go.mod h1:lPKuBR758fTvp+t/DGlXAIEJeF7moiqzOQaay1mezjU=
github.com/AvoH/gosdk/runtime v0.1.1 h1:quJ2pyI3DkRZLHFWch7d9oaAZio2KTqIKtE1i3vf+rQ=
github.com/AvoH/gosdk/runtime v0.1.1/go.mod h1:lPKuBR758fTvp+t/DGlXAIEJeF7moiqzOQaay1mezjU=
